
Microsoft Visual Studio Solution File, Format Version 12.00
# Visual Studio Version 16
VisualStudioVersion = 16.0.29911.84
MinimumVisualStudioVersion = 10.0.40219.1
Project("{9092AA53-FB77-4645-B42D-1CCCA6BD08BD}") = "DeepCT", "DeepCT.njsproj", "{C2FEB7E8-7ECF-47EA-8E42-E7B2949E999D}"
EndProject
Global
	GlobalSection(SolutionConfigurationPlatforms) = preSolution
		Debug|Any CPU = Debug|Any CPU
		Release|Any CPU = Release|Any CPU
	EndGlobalSection
	GlobalSection(ProjectConfigurationPlatforms) = postSolution
		{C2FEB7E8-7ECF-47EA-8E42-E7B2949E999D}.Debug|Any CPU.ActiveCfg = Debug|Any CPU
		{C2FEB7E8-7ECF-47EA-8E42-E7B2949E999D}.Debug|Any CPU.Build.0 = Debug|Any CPU
		{C2FEB7E8-7ECF-47EA-8E42-E7B2949E999D}.Release|Any CPU.ActiveCfg = Release|Any CPU
		{C2FEB7E8-7ECF-47EA-8E42-E7B2949E999D}.Release|Any CPU.Build.0 = Release|Any CPU
	EndGlobalSection
	GlobalSection(SolutionProperties) = preSolution
		HideSolutionNode = FALSE
	EndGlobalSection
	GlobalSection(ExtensibilityGlobals) = postSolution
		SolutionGuid = {E5C0456C-8976-4C00-B982-FC4B92A62028}
	EndGlobalSection
EndGlobal
